#
# This file is autogenerated by pip-compile with Python 3.11
# by the following command:
#
#    pip-compile --output-file=requirements.lock requirements.txt
#
aiohappyeyeballs==2.6.1
    # via aiohttp
aiohttp==3.13.5
    # via litellm
aiosignal==1.4.0
    # via aiohttp
annotated-doc==0.0.4
    # via
    #   fastapi
    #   typer
annotated-types==0.7.0
    # via pydantic
anyio==4.13.0
    # via
    #   httpx
    #   mcp
    #   openai
    #   sse-starlette
    #   starlette
    #   watchfiles
apscheduler==3.11.2
    # via litellm
attrs==26.1.0
    # via
    #   aiohttp
    #   jsonschema
    #   referencing
aws-bedrock-token-generator==1.1.0
    # via -r requirements.txt
awscrt==0.32.2
    # via botocore
azure-core==1.40.0
    # via
    #   azure-identity
    #   azure-storage-blob
azure-identity==1.25.3
    # via litellm
azure-storage-blob==12.28.0
    # via litellm
backoff==2.2.1
    # via litellm
boto3==1.43.2
    # via
    #   -r requirements.txt
    #   litellm
botocore[crt]==1.43.2
    # via
    #   -r requirements.txt
    #   aws-bedrock-token-generator
    #   boto3
    #   s3transfer
certifi==2026.4.22
    # via
    #   httpcore
    #   httpx
    #   requests
cffi==2.0.0
    # via
    #   cryptography
    #   pynacl
    #   pyroscope-io
    #   soundfile
charset-normalizer==3.4.7
    # via requests
click==8.3.3
    # via
    #   litellm
    #   rq
    #   typer
    #   uvicorn
croniter==6.2.2
    # via rq
cryptography==47.0.0
    # via
    #   azure-identity
    #   azure-storage-blob
    #   litellm
    #   msal
    #   pyjwt
distro==1.9.0
    # via openai
dnspython==2.8.0
    # via email-validator
email-validator==2.3.0
    # via pydantic
fastapi==0.136.1
    # via
    #   -r requirements.txt
    #   fastapi-sso
    #   litellm
fastapi-sso==0.16.0
    # via litellm
fastuuid==0.14.0
    # via litellm
filelock==3.29.0
    # via huggingface-hub
frozenlist==1.8.0
    # via
    #   aiohttp
    #   aiosignal
fsspec==2026.4.0
    # via huggingface-hub
gunicorn==23.0.0
    # via litellm
h11==0.16.0
    # via
    #   httpcore
    #   uvicorn
hf-xet==1.4.3
    # via huggingface-hub
httpcore==1.0.9
    # via httpx
httptools==0.7.1
    # via uvicorn
httpx==0.28.1
    # via
    #   fastapi-sso
    #   huggingface-hub
    #   litellm
    #   mcp
    #   openai
httpx-sse==0.4.3
    # via mcp
huggingface-hub==1.13.0
    # via tokenizers
idna==3.13
    # via
    #   anyio
    #   email-validator
    #   httpx
    #   requests
    #   yarl
importlib-metadata==9.0.0
    # via litellm
isodate==0.7.2
    # via azure-storage-blob
jinja2==3.1.6
    # via litellm
jiter==0.14.0
    # via openai
jmespath==1.1.0
    # via
    #   boto3
    #   botocore
jsonschema==4.26.0
    # via
    #   litellm
    #   mcp
jsonschema-specifications==2025.9.1
    # via jsonschema
litellm[proxy]==1.83.0
    # via -r requirements.txt
litellm-enterprise==0.1.35
    # via litellm
litellm-proxy-extras==0.4.70
    # via litellm
markdown-it-py==4.0.0
    # via rich
markupsafe==3.0.3
    # via jinja2
mcp==1.27.0
    # via litellm
mdurl==0.1.2
    # via markdown-it-py
msal==1.36.0
    # via
    #   azure-identity
    #   msal-extensions
msal-extensions==1.3.1
    # via azure-identity
multidict==6.7.1
    # via
    #   aiohttp
    #   yarl
oauthlib==3.3.1
    # via fastapi-sso
openai==2.33.0
    # via litellm
orjson==3.11.8
    # via litellm
packaging==26.2
    # via
    #   gunicorn
    #   huggingface-hub
polars==1.40.1
    # via litellm
polars-runtime-32==1.40.1
    # via polars
propcache==0.4.1
    # via
    #   aiohttp
    #   yarl
psutil==7.2.2
    # via -r requirements.txt
pycparser==3.0
    # via cffi
pydantic[email]==2.13.3
    # via
    #   fastapi
    #   fastapi-sso
    #   litellm
    #   mcp
    #   openai
    #   pydantic-settings
pydantic-core==2.46.3
    # via pydantic
pydantic-settings==2.14.0
    # via mcp
pygments==2.20.0
    # via rich
pyjwt[crypto]==2.12.1
    # via
    #   litellm
    #   mcp
    #   msal
pynacl==1.6.2
    # via litellm
pyroscope-io==0.8.16
    # via litellm
python-dateutil==2.9.0.post0
    # via
    #   botocore
    #   croniter
python-dotenv==1.2.2
    # via
    #   litellm
    #   pydantic-settings
    #   uvicorn
python-multipart==0.0.27
    # via
    #   litellm
    #   mcp
pyyaml==6.0.3
    # via
    #   -r requirements.txt
    #   huggingface-hub
    #   litellm
    #   uvicorn
redis==7.4.0
    # via rq
referencing==0.37.0
    # via
    #   jsonschema
    #   jsonschema-specifications
regex==2026.4.4
    # via tiktoken
requests==2.33.1
    # via
    #   -r requirements.txt
    #   azure-core
    #   msal
    #   tiktoken
rich==13.9.4
    # via
    #   litellm
    #   typer
rpds-py==0.30.0
    # via
    #   jsonschema
    #   referencing
rq==2.8.0
    # via litellm
s3transfer==0.17.0
    # via boto3
shellingham==1.5.4
    # via typer
six==1.17.0
    # via python-dateutil
sniffio==1.3.1
    # via openai
soundfile==0.12.1
    # via litellm
sse-starlette==3.4.1
    # via mcp
starlette==1.0.0
    # via
    #   fastapi
    #   mcp
    #   sse-starlette
tiktoken==0.12.0
    # via litellm
tinydb==4.8.2
    # via -r requirements.txt
tokenizers==0.23.1
    # via litellm
tqdm==4.67.3
    # via
    #   huggingface-hub
    #   openai
typer==0.25.1
    # via huggingface-hub
typing-extensions==4.15.0
    # via
    #   aiosignal
    #   anyio
    #   azure-core
    #   azure-identity
    #   azure-storage-blob
    #   fastapi
    #   huggingface-hub
    #   mcp
    #   openai
    #   pydantic
    #   pydantic-core
    #   referencing
    #   starlette
    #   typing-inspection
typing-inspection==0.4.2
    # via
    #   fastapi
    #   mcp
    #   pydantic
    #   pydantic-settings
tzlocal==5.3.1
    # via apscheduler
urllib3==2.6.3
    # via
    #   botocore
    #   requests
uvicorn[standard]==0.46.0
    # via
    #   -r requirements.txt
    #   litellm
    #   mcp
uvloop==0.21.0
    # via
    #   litellm
    #   uvicorn
watchfiles==1.1.1
    # via uvicorn
websockets==15.0.1
    # via
    #   litellm
    #   uvicorn
yarl==1.23.0
    # via aiohttp
zipp==3.23.1
    # via importlib-metadata
